
Microsoft Visual Studio Solution File, Format Version 12.00
# Visual Studio Version 16
VisualStudioVersion = 16.0.31321.278
MinimumVisualStudioVersion = 10.0.40219.1
Project("{FAE04EC0-301F-11D3-BF4B-00C04F79EFBC}") = "CombinationsMakerConsole", "CombinationsMakerConsole.csproj", "{006C4E39-A828-4A16-A465-3C5E506A424B}"
EndProject
Global
	GlobalSection(SolutionConfigurationPlatforms) = preSolution
		Debug|Any CPU = Debug|Any CPU
		Release|Any CPU = Release|Any CPU
	EndGlobalSection
	GlobalSection(ProjectConfigurationPlatforms) = postSolution
		{006C4E39-A828-4A16-A465-3C5E506A424B}.Debug|Any CPU.ActiveCfg = Debug|Any CPU
		{006C4E39-A828-4A16-A465-3C5E506A424B}.Debug|Any CPU.Build.0 = Debug|Any CPU
		{006C4E39-A828-4A16-A465-3C5E506A424B}.Release|Any CPU.ActiveCfg = Release|Any CPU
		{006C4E39-A828-4A16-A465-3C5E506A424B}.Release|Any CPU.Build.0 = Release|Any CPU
	EndGlobalSection
	GlobalSection(SolutionProperties) = preSolution
		HideSolutionNode = FALSE
	EndGlobalSection
	GlobalSection(ExtensibilityGlobals) = postSolution
		SolutionGuid = {060098FC-8C11-4416-9B15-4824F1CD0B00}
	EndGlobalSection
EndGlobal
